# This file was autogenerated by Stack.
# You should not edit this file by hand.
# For more information, please see the documentation at:
#   https://docs.haskellstack.org/en/stable/lock_files

packages:
- completed:
    hackage: bytestring-trie-0.2.5.0@sha256:9efa9c6f556314d28486be2470ff789419c5238ed2e354870623a3cbbd28fbe2,3349
    pantry-tree:
      size: 705
      sha256: bdc13e00a60830edee41119af62b7203602377ccd81a6555c4fea95b0cb3a252
  original:
    hackage: bytestring-trie-0.2.5.0
snapshots:
- completed:
    size: 532380
    url: https://raw.githubusercontent.com/commercialhaskell/stackage-snapshots/master/lts/16/9.yaml
    sha256: 14a7cec114424e4286adde73364438927a553ed248cc50f069a30a67e3ee1e69
  original: lts-16.9
